// !$*UTF8*$!
{
	archiveVersion = 1;
	classes = {
	};
	objectVersion = 55;
	objects = {

/* Begin PBXBuildFile section */
		1217182428B76DE700A400F7 /* AppDelegate.swift in Sources */ = {isa = PBXBuildFile; fileRef = 1217182328B76DE700A400F7 /* AppDelegate.swift */; };
		1217182628B76DE700A400F7 /* SceneDelegate.swift in Sources */ = {isa = PBXBuildFile; fileRef = 1217182528B76DE700A400F7 /* SceneDelegate.swift */; };
		1217182828B76DE700A400F7 /* ViewController.swift in Sources */ = {isa = PBXBuildFile; fileRef = 1217182728B76DE700A400F7 /* ViewController.swift */; };
		1217182B28B76DE700A400F7 /* Main.storyboard in Resources */ = {isa = PBXBuildFile; fileRef = 1217182928B76DE700A400F7 /* Main.storyboard */; };
		1217182D28B76DE900A400F7 /* Assets.xcassets in Resources */ = {isa = PBXBuildFile; fileRef = 1217182C28B76DE900A400F7 /* Assets.xcassets */; };
		1217183028B76DE900A400F7 /* LaunchScreen.storyboard in Resources */ = {isa = PBXBuildFile; fileRef = 1217182E28B76DE900A400F7 /* LaunchScreen.storyboard */; };
		1217183928B76E0800A400F7 /* UseScreenShot+Extension.swift in Sources */ = {isa = PBXBuildFile; fileRef = 1217183828B76E0800A400F7 /* UseScreenShot+Extension.swift */; };
		1217183B28B7704400A400F7 /* MIMEType.swift in Sources */ = {isa = PBXBuildFile; fileRef = 1217183A28B7704400A400F7 /* MIMEType.swift */; };
/* End PBXBuildFile section */

/* Begin PBXFileReference section */
		1217182028B76DE700A400F7 /* protoSnapShotSendMail.app */ = {isa = PBXFileReference; explicitFileType = wrapper.application; includeInIndex = 0; path = protoSnapShotSendMail.app; sourceTree = BUILT_PRODUCTS_DIR; };
		1217182328B76DE700A400F7 /* AppDelegate.swift */ = {isa = PBXFileReference; lastKnownFileType = sourcecode.swift; path = AppDelegate.swift; sourceTree = "<group>"; };
		1217182528B76DE700A400F7 /* SceneDelegate.swift */ = {isa = PBXFileReference; lastKnownFileType = sourcecode.swift; path = SceneDelegate.swift; sourceTree = "<group>"; };
		1217182728B76DE700A400F7 /* ViewController.swift */ = {isa = PBXFileReference; lastKnownFileType = sourcecode.swift; path = ViewController.swift; sourceTree = "<group>"; };
		1217182A28B76DE700A400F7 /* Base */ = {isa = PBXFileReference; lastKnownFileType = file.storyboard; name = Base; path = Base.lproj/Main.storyboard; sourceTree = "<group>"; };
		1217182C28B76DE900A400F7 /* Assets.xcassets */ = {isa = PBXFileReference; lastKnownFileType = folder.assetcatalog; path = Assets.xcassets; sourceTree = "<group>"; };
		1217182F28B76DE900A400F7 /* Base */ = {isa = PBXFileReference; lastKnownFileType = file.storyboard; name = Base; path = Base.lproj/LaunchScreen.storyboard; sourceTree = "<group>"; };
		1217183128B76DE900A400F7 /* Info.plist */ = {isa = PBXFileReference; lastKnownFileType = text.plist.xml; path = Info.plist; sourceTree = "<group>"; };
		1217183828B76E0800A400F7 /* UseScreenShot+Extension.swift */ = {isa = PBXFileReference; fileEncoding = 4; lastKnownFileType = sourcecode.swift; path = "UseScreenShot+Extension.swift"; sourceTree = "<group>"; };
		1217183A28B7704400A400F7 /* MIMEType.swift */ = {isa = PBXFileReference; lastKnownFileType = sourcecode.swift; path = MIMEType.swift; sourceTree = "<group>"; };
/* End PBXFileReference section */

/* Begin PBXFrameworksBuildPhase section */
		1217181D28B76DE700A400F7 /* Frameworks */ = {
			isa = PBXFrameworksBuildPhase;
			buildActionMask = 2147483647;
			files = (
			);
			runOnlyForDeploymentPostprocessing = 0;
		};
/* End PBXFrameworksBuildPhase section */

/* Begin PBXGroup section */
		1217181728B76DE700A400F7 = {
			isa = PBXGroup;
			children = (
				1217182228B76DE700A400F7 /* protoSnapShotSendMail */,
				1217182128B76DE700A400F7 /* Products */,
			);
			sourceTree = "<group>";
		};
		1217182128B76DE700A400F7 /* Products */ = {
			isa = PBXGroup;
			children = (
				1217182028B76DE700A400F7 /* protoSnapShotSendMail.app */,
			);
			name = Products;
			sourceTree = "<group>";
		};
		1217182228B76DE700A400F7 /* protoSnapShotSendMail */ = {
			isa = PBXGroup;
			children = (
				1217183728B76DF300A400F7 /* Extension */,
				1217182328B76DE700A400F7 /* AppDelegate.swift */,
				1217182528B76DE700A400F7 /* SceneDelegate.swift */,
				1217182728B76DE700A400F7 /* ViewController.swift */,
				1217182928B76DE700A400F7 /* Main.storyboard */,
				1217182C28B76DE900A400F7 /* Assets.xcassets */,
				1217182E28B76DE900A400F7 /* LaunchScreen.storyboard */,
				1217183128B76DE900A400F7 /* Info.plist */,
				1217183A28B7704400A400F7 /* MIMEType.swift */,
			);
			path = protoSnapShotSendMail;
			sourceTree = "<group>";
		};
		1217183728B76DF300A400F7 /* Extension */ = {
			isa = PBXGroup;
			children = (
				1217183828B76E0800A400F7 /* UseScreenShot+Extension.swift */,
			);
			path = Extension;
			sourceTree = "<group>";
		};
/* End PBXGroup section */

/* Begin PBXNativeTarget section */
		1217181F28B76DE700A400F7 /* protoSnapShotSendMail */ = {
			isa = PBXNativeTarget;
			buildConfigurationList = 1217183428B76DE900A400F7 /* Build configuration list for PBXNativeTarget "protoSnapShotSendMail" */;
			buildPhases = (
				1217181C28B76DE700A400F7 /* Sources */,
				1217181D28B76DE700A400F7 /* Frameworks */,
				1217181E28B76DE700A400F7 /* Resources */,
			);
			buildRules = (
			);
			dependencies = (
			);
			name = protoSnapShotSendMail;
			productName = protoSnapShotSendMail;
			productReference = 1217182028B76DE700A400F7 /* protoSnapShotSendMail.app */;
			productType = "com.apple.product-type.application";
		};
/* End PBXNativeTarget section */

/* Begin PBXProject section */
		1217181828B76DE700A400F7 /* Project object */ = {
			isa = PBXProject;
			attributes = {
				BuildIndependentTargetsInParallel = 1;
				LastSwiftUpdateCheck = 1340;
				LastUpgradeCheck = 1340;
				TargetAttributes = {
					1217181F28B76DE700A400F7 = {
						CreatedOnToolsVersion = 13.4.1;
					};
				};
			};
			buildConfigurationList = 1217181B28B76DE700A400F7 /* Build configuration list for PBXProject "protoSnapShotSendMail" */;
			compatibilityVersion = "Xcode 13.0";
			developmentRegion = en;
			hasScannedForEncodings = 0;
			knownRegions = (
				en,
				Base,
			);
			mainGroup = 1217181728B76DE700A400F7;
			productRefGroup = 1217182128B76DE700A400F7 /* Products */;
			projectDirPath = "";
			projectRoot = "";
			targets = (
				1217181F28B76DE700A400F7 /* protoSnapShotSendMail */,
			);
		};
/* End PBXProject section */

/* Begin PBXResourcesBuildPhase section */
		1217181E28B76DE700A400F7 /* Resources */ = {
			isa = PBXResourcesBuildPhase;
			buildActionMask = 2147483647;
			files = (
				1217183028B76DE900A400F7 /* LaunchScreen.storyboard in Resources */,
				1217182D28B76DE900A400F7 /* Assets.xcassets in Resources */,
				1217182B28B76DE700A400F7 /* Main.storyboard in Resources */,
			);
			runOnlyForDeploymentPostprocessing = 0;
		};
/* End PBXResourcesBuildPhase section */

/* Begin PBXSourcesBuildPhase section */
		1217181C28B76DE700A400F7 /* Sources */ = {
			isa = PBXSourcesBuildPhase;
			buildActionMask = 2147483647;
			files = (
				1217182828B76DE700A400F7 /* ViewController.swift in Sources */,
				1217183B28B7704400A400F7 /* MIMEType.swift in Sources */,
				1217182428B76DE700A400F7 /* AppDelegate.swift in Sources */,
				1217182628B76DE700A400F7 /* SceneDelegate.swift in Sources */,
				1217183928B76E0800A400F7 /* UseScreenShot+Extension.swift in Sources */,
			);
			runOnlyForDeploymentPostprocessing = 0;
		};
/* End PBXSourcesBuildPhase section */

/* Begin PBXVariantGroup section */
		1217182928B76DE700A400F7 /* Main.storyboard */ = {
			isa = PBXVariantGroup;
			children = (
				1217182A28B76DE700A400F7 /* Base */,
			);
			name = Main.storyboard;
			sourceTree = "<group>";
		};
		1217182E28B76DE900A400F7 /* LaunchScreen.storyboard */ = {
			isa = PBXVariantGroup;
			children = (
				1217182F28B76DE900A400F7 /* Base */,
			);
			name = LaunchScreen.storyboard;
			sourceTree = "<group>";
		};
/* End PBXVariantGroup section */

/* Begin XCBuildConfiguration section */
		1217183228B76DE900A400F7 /* Debug */ = {
			isa = XCBuildConfiguration;
			buildSettings = {
				ALWAYS_SEARCH_USER_PATHS = NO;
				CLANG_ANALYZER_NONNULL = YES;
				CLANG_ANALYZER_NUMBER_OBJECT_CONVERSION = YES_AGGRESSIVE;
				CLANG_CXX_LANGUAGE_STANDARD = "gnu++17";
				CLANG_ENABLE_MODULES = YES;
				CLANG_ENABLE_OBJC_ARC = YES;
				CLANG_ENABLE_OBJC_WEAK = YES;
				CLANG_WARN_BLOCK_CAPTURE_AUTORELEASING = YES;
				CLANG_WARN_BOOL_CONVERSION = YES;
				CLANG_WARN_COMMA = YES;
				CLANG_WARN_CONSTANT_CONVERSION = YES;
				CLANG_WARN_DEPRECATED_OBJC_IMPLEMENTATIONS = YES;
				CLANG_WARN_DIRECT_OBJC_ISA_USAGE = YES_ERROR;
				CLANG_WARN_DOCUMENTATION_COMMENTS = YES;
				CLANG_WARN_EMPTY_BODY = YES;
				CLANG_WARN_ENUM_CONVERSION = YES;
				CLANG_WARN_INFINITE_RECURSION = YES;
				CLANG_WARN_INT_CONVERSION = YES;
				CLANG_WARN_NON_LITERAL_NULL_CONVERSION = YES;
				CLANG_WARN_OBJC_IMPLICIT_RETAIN_SELF = YES;
				CLANG_WARN_OBJC_LITERAL_CONVERSION = YES;
				CLANG_WARN_OBJC_ROOT_CLASS = YES_ERROR;
				CLANG_WARN_QUOTED_INCLUDE_IN_FRAMEWORK_HEADER = YES;
				CLANG_WARN_RANGE_LOOP_ANALYSIS = YES;
				CLANG_WARN_STRICT_PROTOTYPES = YES;
				CLANG_WARN_SUSPICIOUS_MOVE = YES;
				CLANG_WARN_UNGUARDED_AVAILABILITY = YES_AGGRESSIVE;
				CLANG_WARN_UNREACHABLE_CODE = YES;
				CLANG_WARN__DUPLICATE_METHOD_MATCH = YES;
				COPY_PHASE_STRIP = NO;
				DEBUG_INFORMATION_FORMAT = dwarf;
				ENABLE_STRICT_OBJC_MSGSEND = YES;
				ENABLE_TESTABILITY = YES;
				GCC_C_LANGUAGE_STANDARD = gnu11;
				GCC_DYNAMIC_NO_PIC = NO;
				GCC_NO_COMMON_BLOCKS = YES;
				GCC_OPTIMIZATION_LEVEL = 0;
				GCC_PREPROCESSOR_DEFINITIONS = (
					"DEBUG=1",
					"$(inherited)",
				);
				GCC_WARN_64_TO_32_BIT_CONVERSION = YES;
				GCC_WARN_ABOUT_RETURN_TYPE = YES_ERROR;
				GCC_WARN_UNDECLARED_SELECTOR = YES;
				GCC_WARN_UNINITIALIZED_AUTOS = YES_AGGRESSIVE;
				GCC_WARN_UNUSED_FUNCTION = YES;
				GCC_WARN_UNUSED_VARIABLE = YES;
				IPHONEOS_DEPLOYMENT_TARGET = 15.5;
				MTL_ENABLE_DEBUG_INFO = INCLUDE_SOURCE;
				MTL_FAST_MATH = YES;
				ONLY_ACTIVE_ARCH = YES;
				SDKROOT = iphoneos;
				SWIFT_ACTIVE_COMPILATION_CONDITIONS = DEBUG;
				SWIFT_OPTIMIZATION_LEVEL = "-Onone";
			};
			name = Debug;
		};
		1217183328B76DE900A400F7 /* Release */ = {
			isa = XCBuildConfiguration;
			buildSettings = {
				ALWAYS_SEARCH_USER_PATHS = NO;
				CLANG_ANALYZER_NONNULL = YES;
				CLANG_ANALYZER_NUMBER_OBJECT_CONVERSION = YES_AGGRESSIVE;
				CLANG_CXX_LANGUAGE_STANDARD = "gnu++17";
				CLANG_ENABLE_MODULES = YES;
				CLANG_ENABLE_OBJC_ARC = YES;
				CLANG_ENABLE_OBJC_WEAK = YES;
				CLANG_WARN_BLOCK_CAPTURE_AUTORELEASING = YES;
				CLANG_WARN_BOOL_CONVERSION = YES;
				CLANG_WARN_COMMA = YES;
				CLANG_WARN_CONSTANT_CONVERSION = YES;
				CLANG_WARN_DEPRECATED_OBJC_IMPLEMENTATIONS = YES;
				CLANG_WARN_DIRECT_OBJC_ISA_USAGE = YES_ERROR;
				CLANG_WARN_DOCUMENTATION_COMMENTS = YES;
				CLANG_WARN_EMPTY_BODY = YES;
				CLANG_WARN_ENUM_CONVERSION = YES;
				CLANG_WARN_INFINITE_RECURSION = YES;
				CLANG_WARN_INT_CONVERSION = YES;
				CLANG_WARN_NON_LITERAL_NULL_CONVERSION = YES;
				CLANG_WARN_OBJC_IMPLICIT_RETAIN_SELF = YES;
				CLANG_WARN_OBJC_LITERAL_CONVERSION = YES;
				CLANG_WARN_OBJC_ROOT_CLASS = YES_ERROR;
				CLANG_WARN_QUOTED_INCLUDE_IN_FRAMEWORK_HEADER = YES;
				CLANG_WARN_RANGE_LOOP_ANALYSIS = YES;
				CLANG_WARN_STRICT_PROTOTYPES = YES;
				CLANG_WARN_SUSPICIOUS_MOVE = YES;
				CLANG_WARN_UNGUARDED_AVAILABILITY = YES_AGGRESSIVE;
				CLANG_WARN_UNREACHABLE_CODE = YES;
				CLANG_WARN__DUPLICATE_METHOD_MATCH = YES;
				COPY_PHASE_STRIP = NO;
				DEBUG_INFORMATION_FORMAT = "dwarf-with-dsym";
				ENABLE_NS_ASSERTIONS = NO;
				ENABLE_STRICT_OBJC_MSGSEND = YES;
				GCC_C_LANGUAGE_STANDARD = gnu11;
				GCC_NO_COMMON_BLOCKS = YES;
				GCC_WARN_64_TO_32_BIT_CONVERSION = YES;
				GCC_WARN_ABOUT_RETURN_TYPE = YES_ERROR;
				GCC_WARN_UNDECLARED_SELECTOR = YES;
				GCC_WARN_UNINITIALIZED_AUTOS = YES_AGGRESSIVE;
				GCC_WARN_UNUSED_FUNCTION = YES;
				GCC_WARN_UNUSED_VARIABLE = YES;
				IPHONEOS_DEPLOYMENT_TARGET = 15.5;
				MTL_ENABLE_DEBUG_INFO = NO;
				MTL_FAST_MATH = YES;
				SDKROOT = iphoneos;
				SWIFT_COMPILATION_MODE = wholemodule;
				SWIFT_OPTIMIZATION_LEVEL = "-O";
				VALIDATE_PRODUCT = YES;
			};
			name = Release;
		};
		1217183528B76DE900A400F7 /* Debug */ = {
			isa = XCBuildConfiguration;
			buildSettings = {
				ASSETCATALOG_COMPILER_APPICON_NAME = AppIcon;
				ASSETCATALOG_COMPILER_GLOBAL_ACCENT_COLOR_NAME = AccentColor;
				CODE_SIGN_STYLE = Automatic;
				CURRENT_PROJECT_VERSION = 1;
				DEVELOPMENT_TEAM = U64UL9K7Q5;
				GENERATE_INFOPLIST_FILE = YES;
				INFOPLIST_FILE = protoSnapShotSendMail/Info.plist;
				INFOPLIST_KEY_UIApplicationSupportsIndirectInputEvents = YES;
				INFOPLIST_KEY_UILaunchStoryboardName = LaunchScreen;
				INFOPLIST_KEY_UIMainStoryboardFile = Main;
				INFOPLIST_KEY_UISupportedInterfaceOrientations_iPad = "UIInterfaceOrientationPortrait UIInterfaceOrientationPortraitUpsideDown UIInterfaceOrientationLandscapeLeft UIInterfaceOrientationLandscapeRight";
				INFOPLIST_KEY_UISupportedInterfaceOrientations_iPhone = "UIInterfaceOrientationPortrait UIInterfaceOrientationLandscapeLeft UIInterfaceOrientationLandscapeRight";
				LD_RUNPATH_SEARCH_PATHS = (
					"$(inherited)",
					"@executable_path/Frameworks",
				);
				MARKETING_VERSION = 1.0;
				PRODUCT_BUNDLE_IDENTIFIER = com.trixie.protoSnapShotSendMail;
				PRODUCT_NAME = "$(TARGET_NAME)";
				SWIFT_EMIT_LOC_STRINGS = YES;
				SWIFT_VERSION = 5.0;
				TARGETED_DEVICE_FAMILY = "1,2";
			};
			name = Debug;
		};
		1217183628B76DE900A400F7 /* Release */ = {
			isa = XCBuildConfiguration;
			buildSettings = {
				ASSETCATALOG_COMPILER_APPICON_NAME = AppIcon;
				ASSETCATALOG_COMPILER_GLOBAL_ACCENT_COLOR_NAME = AccentColor;
				CODE_SIGN_STYLE = Automatic;
				CURRENT_PROJECT_VERSION = 1;
				DEVELOPMENT_TEAM = U64UL9K7Q5;
				GENERATE_INFOPLIST_FILE = YES;
				INFOPLIST_FILE = protoSnapShotSendMail/Info.plist;
				INFOPLIST_KEY_UIApplicationSupportsIndirectInputEvents = YES;
				INFOPLIST_KEY_UILaunchStoryboardName = LaunchScreen;
				INFOPLIST_KEY_UIMainStoryboardFile = Main;
				INFOPLIST_KEY_UISupportedInterfaceOrientations_iPad = "UIInterfaceOrientationPortrait UIInterfaceOrientationPortraitUpsideDown UIInterfaceOrientationLandscapeLeft UIInterfaceOrientationLandscapeRight";
				INFOPLIST_KEY_UISupportedInterfaceOrientations_iPhone = "UIInterfaceOrientationPortrait UIInterfaceOrientationLandscapeLeft UIInterfaceOrientationLandscapeRight";
				LD_RUNPATH_SEARCH_PATHS = (
					"$(inherited)",
					"@executable_path/Frameworks",
				);
				MARKETING_VERSION = 1.0;
				PRODUCT_BUNDLE_IDENTIFIER = com.trixie.protoSnapShotSendMail;
				PRODUCT_NAME = "$(TARGET_NAME)";
				SWIFT_EMIT_LOC_STRINGS = YES;
				SWIFT_VERSION = 5.0;
				TARGETED_DEVICE_FAMILY = "1,2";
			};
			name = Release;
		};
/* End XCBuildConfiguration section */

/* Begin XCConfigurationList section */
		1217181B28B76DE700A400F7 /* Build configuration list for PBXProject "protoSnapShotSendMail" */ = {
			isa = XCConfigurationList;
			buildConfigurations = (
				1217183228B76DE900A400F7 /* Debug */,
				1217183328B76DE900A400F7 /* Release */,
			);
			defaultConfigurationIsVisible = 0;
			defaultConfigurationName = Release;
		};
		1217183428B76DE900A400F7 /* Build configuration list for PBXNativeTarget "protoSnapShotSendMail" */ = {
			isa = XCConfigurationList;
			buildConfigurations = (
				1217183528B76DE900A400F7 /* Debug */,
				1217183628B76DE900A400F7 /* Release */,
			);
			defaultConfigurationIsVisible = 0;
			defaultConfigurationName = Release;
		};
/* End XCConfigurationList section */
	};
	rootObject = 1217181828B76DE700A400F7 /* Project object */;
}
